<?xml version="1.0" encoding="utf-8"?>
<Project xmlns="http://schemas.microsoft.com/developer/msbuild/2003">
  <ItemGroup>
    <Filter Include="Form Files">
      <UniqueIdentifier>{99349809-55BA-4b9d-BF79-8FDBB0286EB3}</UniqueIdentifier>
      <Extensions>ui</Extensions>
      <ParseFiles>false</ParseFiles>
    </Filter>
    <Filter Include="Form Files">
      <UniqueIdentifier>{99349809-55BA-4b9d-BF79-8FDBB0286EB3}</UniqueIdentifier>
      <Extensions>ui</Extensions>
      <ParseFiles>false</ParseFiles>
    </Filter>
    <Filter Include="Generated Files">
      <UniqueIdentifier>{71ED8ED8-ACB9-4CE9-BBE1-E00B30144E11}</UniqueIdentifier>
      <Extensions>cpp;c;cxx;moc;h;def;odl;idl;res;</Extensions>
    </Filter>
    <Filter Include="Generated Files">
      <UniqueIdentifier>{71ED8ED8-ACB9-4CE9-BBE1-E00B30144E11}</UniqueIdentifier>
      <Extensions>cpp;c;cxx;moc;h;def;odl;idl;res;</Extensions>
    </Filter>
    <Filter Include="Header Files">
      <UniqueIdentifier>{93995380-89BD-4b04-88EB-625FBE52EBFB}</UniqueIdentifier>
      <Extensions>h;hpp;hxx;hm;inl;inc;xsd</Extensions>
    </Filter>
    <Filter Include="Header Files">
      <UniqueIdentifier>{93995380-89BD-4b04-88EB-625FBE52EBFB}</UniqueIdentifier>
      <Extensions>h;hpp;hxx;hm;inl;inc;xsd</Extensions>
    </Filter>
    <Filter Include="Source Files">
      <UniqueIdentifier>{4FC737F1-C7A5-4376-A066-2A32D752A2FF}</UniqueIdentifier>
      <Extensions>cpp;c;cxx;def;odl;idl;hpj;bat;asm;asmx</Extensions>
    </Filter>
    <Filter Include="Source Files">
      <UniqueIdentifier>{4FC737F1-C7A5-4376-A066-2A32D752A2FF}</UniqueIdentifier>
      <Extensions>cpp;c;cxx;def;odl;idl;hpj;bat;asm;asmx</Extensions>
    </Filter>
  </ItemGroup>
  <ItemGroup>
    <ClCompile Include="src\impl\main.cpp">
      <Filter>Source Files</Filter>
    </ClCompile>
    <ClCompile Include="src\impl\mainwindow.cpp">
      <Filter>Source Files</Filter>
    </ClCompile>
    <ClCompile Include="src\impl\reportviewwidget.cpp">
      <Filter>Source Files</Filter>
    </ClCompile>
    <ClCompile Include="src\impl\reportwidget.cpp">
      <Filter>Source Files</Filter>
    </ClCompile>
    <ClCompile Include="src\impl\umdhwidget.cpp">
      <Filter>Source Files</Filter>
    </ClCompile>
  </ItemGroup>
  <ItemGroup>
    <ClInclude Include="src\interface\customuniqueptr.h">
      <Filter>Header Files</Filter>
    </ClInclude>
    <ClInclude Include="src\interface\guiutils.h">
      <Filter>Header Files</Filter>
    </ClInclude>
    <ClInclude Include="src\interface\idatamodel\iclonable.h">
      <Filter>Header Files</Filter>
    </ClInclude>
    <ClInclude Include="src\interface\idatamodel\idataobject.h">
      <Filter>Header Files</Filter>
    </ClInclude>
    <ClInclude Include="src\interface\ilogic\ifilterfactory.h">
      <Filter>Header Files</Filter>
    </ClInclude>
    <ClInclude Include="src\interface\ilogic\ifilterfactorycreator.h">
      <Filter>Header Files</Filter>
    </ClInclude>
    <ClInclude Include="src\interface\ilogic\ileakedmorethanbytesfilter.h">
      <Filter>Header Files</Filter>
    </ClInclude>
    <ClInclude Include="src\interface\ilogic\ileakedmorethancountfilter.h">
      <Filter>Header Files</Filter>
    </ClInclude>
    <ClInclude Include="src\interface\idatamodel\iloadedmodule.h">
      <Filter>Header Files</Filter>
    </ClInclude>
    <ClInclude Include="src\interface\idatamodel\ilogentry.h">
      <Filter>Header Files</Filter>
    </ClInclude>
    <ClInclude Include="src\interface\idatamodel\iobjectfactory.h">
      <Filter>Header Files</Filter>
    </ClInclude>
    <ClInclude Include="src\interface\idatamodel\ireport.h">
      <Filter>Header Files</Filter>
    </ClInclude>
    <ClInclude Include="src\interface\ilogic\ireportfilter.h">
      <Filter>Header Files</Filter>
    </ClInclude>
    <ClInclude Include="src\interface\ilogic\ireportfilterwithoutpattern.h">
      <Filter>Header Files</Filter>
    </ClInclude>
    <ClInclude Include="src\interface\ilogic\ireportfilterwithpattern.h">
      <Filter>Header Files</Filter>
    </ClInclude>
    <ClInclude Include="src\interface\ilogic\ireportmanager.h">
      <Filter>Header Files</Filter>
    </ClInclude>
    <ClInclude Include="src\interface\ilogic\ireportsorter.h">
      <Filter>Header Files</Filter>
    </ClInclude>
    <ClInclude Include="src\interface\idatamodel\iserializable.h">
      <Filter>Header Files</Filter>
    </ClInclude>
    <ClInclude Include="src\interface\idatamodelserializer\iserializer.h">
      <Filter>Header Files</Filter>
    </ClInclude>
    <ClInclude Include="src\interface\idatamodelserializer\iserializerfactory.h">
      <Filter>Header Files</Filter>
    </ClInclude>
    <ClInclude Include="src\interface\idatamodelserializer\iserializerfactorycreator.h">
      <Filter>Header Files</Filter>
    </ClInclude>
    <ClInclude Include="src\interface\idatamodel\isettings.h">
      <Filter>Header Files</Filter>
    </ClInclude>
    <ClInclude Include="src\interface\ilogic\isorterfactory.h">
      <Filter>Header Files</Filter>
    </ClInclude>
    <ClInclude Include="src\interface\ilogic\isorterfactorycreator.h">
      <Filter>Header Files</Filter>
    </ClInclude>
    <ClInclude Include="src\interface\idatamodel\istacktraceframe.h">
      <Filter>Header Files</Filter>
    </ClInclude>
    <ClInclude Include="src\interface\idatamodel\itotalincrease.h">
      <Filter>Header Files</Filter>
    </ClInclude>
    <ClInclude Include="src\interface\ilogic\iumdh.h">
      <Filter>Header Files</Filter>
    </ClInclude>
    <ClInclude Include="src\interface\ilogic\iumdhcreator.h">
      <Filter>Header Files</Filter>
    </ClInclude>
    <QtMoc Include="src\impl\mainwindow.h">
      <Filter>Header Files</Filter>
    </QtMoc>
    <ClInclude Include="src\interface\metamodel.h">
      <Filter>Header Files</Filter>
    </ClInclude>
    <QtMoc Include="src\impl\reportviewwidget.h">
      <Filter>Header Files</Filter>
    </QtMoc>
    <QtMoc Include="src\impl\reportwidget.h">
      <Filter>Header Files</Filter>
    </QtMoc>
    <QtMoc Include="src\impl\umdhwidget.h">
      <Filter>Header Files</Filter>
    </QtMoc>
  </ItemGroup>
  <ItemGroup>
    
    
    <CustomBuild Include="debug\moc_predefs.h.cbt">
      <Filter>Generated Files</Filter>
    </CustomBuild>
    <CustomBuild Include="release\moc_predefs.h.cbt">
      <Filter>Generated Files</Filter>
    </CustomBuild>
    
    
    
    
    
    
    
    
    
    
  </ItemGroup>
  <ItemGroup>
    <QtUic Include="ui\mainwindow.ui">
      <Filter>Form Files</Filter>
    </QtUic>
    <QtUic Include="ui\reportviewwidget.ui">
      <Filter>Form Files</Filter>
    </QtUic>
    <QtUic Include="ui\reportwidget.ui">
      <Filter>Form Files</Filter>
    </QtUic>
    <QtUic Include="ui\umdhwidget.ui">
      <Filter>Form Files</Filter>
    </QtUic>
  </ItemGroup>
</Project>