<?xml version="1.0" encoding="utf-8"?>
<Project xmlns="http://schemas.microsoft.com/developer/msbuild/2003">
  <ItemGroup>
    <Filter Include="Header Files">
      <UniqueIdentifier>{93995380-89BD-4b04-88EB-625FBE52EBFB}</UniqueIdentifier>
      <Extensions>h;hpp;hxx;hm;inl;inc;xsd</Extensions>
    </Filter>
    <Filter Include="Header Files">
      <UniqueIdentifier>{93995380-89BD-4b04-88EB-625FBE52EBFB}</UniqueIdentifier>
      <Extensions>h;hpp;hxx;hm;inl;inc;xsd</Extensions>
    </Filter>
    <Filter Include="Source Files">
      <UniqueIdentifier>{4FC737F1-C7A5-4376-A066-2A32D752A2FF}</UniqueIdentifier>
      <Extensions>cpp;c;cxx;def;odl;idl;hpj;bat;asm;asmx</Extensions>
    </Filter>
    <Filter Include="Source Files">
      <UniqueIdentifier>{4FC737F1-C7A5-4376-A066-2A32D752A2FF}</UniqueIdentifier>
      <Extensions>cpp;c;cxx;def;odl;idl;hpj;bat;asm;asmx</Extensions>
    </Filter>
  </ItemGroup>
  <ItemGroup>
    <ClCompile Include="impl\cforwardparser.cpp">
      <Filter>Source Files</Filter>
    </ClCompile>
    <ClCompile Include="impl\cloadedmoduleserializer.cpp">
      <Filter>Source Files</Filter>
    </ClCompile>
    <ClCompile Include="impl\clogentryserializer.cpp">
      <Filter>Source Files</Filter>
    </ClCompile>
    <ClCompile Include="impl\creportserializer.cpp">
      <Filter>Source Files</Filter>
    </ClCompile>
    <ClCompile Include="impl\cserializerfactory.cpp">
      <Filter>Source Files</Filter>
    </ClCompile>
    <ClCompile Include="impl\cserializerfactorycreator.cpp">
      <Filter>Source Files</Filter>
    </ClCompile>
    <ClCompile Include="impl\csettingsserializer.cpp">
      <Filter>Source Files</Filter>
    </ClCompile>
    <ClCompile Include="impl\cstacktraceframeserializer.cpp">
      <Filter>Source Files</Filter>
    </ClCompile>
    <ClCompile Include="impl\ctotalincreaseserializer.cpp">
      <Filter>Source Files</Filter>
    </ClCompile>
    <ClCompile Include="impl\serializerfactorycreatorprovider.cpp">
      <Filter>Source Files</Filter>
    </ClCompile>
    <ClCompile Include="impl\utils.cpp">
      <Filter>Source Files</Filter>
    </ClCompile>
  </ItemGroup>
  <ItemGroup>
    <ClInclude Include="impl\cforwardparser.h">
      <Filter>Header Files</Filter>
    </ClInclude>
    <ClInclude Include="impl\cloadedmoduleserializer.h">
      <Filter>Header Files</Filter>
    </ClInclude>
    <ClInclude Include="impl\clogentryserializer.h">
      <Filter>Header Files</Filter>
    </ClInclude>
    <ClInclude Include="impl\creportserializer.h">
      <Filter>Header Files</Filter>
    </ClInclude>
    <ClInclude Include="impl\cserializerfactory.h">
      <Filter>Header Files</Filter>
    </ClInclude>
    <ClInclude Include="impl\cserializerfactorycreator.h">
      <Filter>Header Files</Filter>
    </ClInclude>
    <ClInclude Include="impl\csettingsserializer.h">
      <Filter>Header Files</Filter>
    </ClInclude>
    <ClInclude Include="impl\cstacktraceframeserializer.h">
      <Filter>Header Files</Filter>
    </ClInclude>
    <ClInclude Include="impl\ctotalincreaseserializer.h">
      <Filter>Header Files</Filter>
    </ClInclude>
    <ClInclude Include="interface\serializerfactorycreatorprovider.h">
      <Filter>Header Files</Filter>
    </ClInclude>
    <ClInclude Include="interface\umdh.datamodel.serializer.global.h">
      <Filter>Header Files</Filter>
    </ClInclude>
    <ClInclude Include="impl\utils.h">
      <Filter>Header Files</Filter>
    </ClInclude>
  </ItemGroup>
</Project>