<?xml version="1.0" encoding="utf-8"?>
<Project xmlns="http://schemas.microsoft.com/developer/msbuild/2003">
  <ItemGroup>
    <Filter Include="Header Files">
      <UniqueIdentifier>{93995380-89BD-4b04-88EB-625FBE52EBFB}</UniqueIdentifier>
      <Extensions>h;hpp;hxx;hm;inl;inc;xsd</Extensions>
    </Filter>
    <Filter Include="Header Files">
      <UniqueIdentifier>{93995380-89BD-4b04-88EB-625FBE52EBFB}</UniqueIdentifier>
      <Extensions>h;hpp;hxx;hm;inl;inc;xsd</Extensions>
    </Filter>
    <Filter Include="Source Files">
      <UniqueIdentifier>{4FC737F1-C7A5-4376-A066-2A32D752A2FF}</UniqueIdentifier>
      <Extensions>cpp;c;cxx;def;odl;idl;hpj;bat;asm;asmx</Extensions>
    </Filter>
    <Filter Include="Source Files">
      <UniqueIdentifier>{4FC737F1-C7A5-4376-A066-2A32D752A2FF}</UniqueIdentifier>
      <Extensions>cpp;c;cxx;def;odl;idl;hpj;bat;asm;asmx</Extensions>
    </Filter>
  </ItemGroup>
  <ItemGroup>
    <ClCompile Include="impl\cbyallocatedbytessorter.cpp">
      <Filter>Source Files</Filter>
    </ClCompile>
    <ClCompile Include="impl\cbyallocationcountsorter.cpp">
      <Filter>Source Files</Filter>
    </ClCompile>
    <ClCompile Include="impl\cdefaultfilter.cpp">
      <Filter>Source Files</Filter>
    </ClCompile>
    <ClCompile Include="impl\cdefaultsorter.cpp">
      <Filter>Source Files</Filter>
    </ClCompile>
    <ClCompile Include="impl\cfilterfactory.cpp">
      <Filter>Source Files</Filter>
    </ClCompile>
    <ClCompile Include="impl\cfilterfactorycreator.cpp">
      <Filter>Source Files</Filter>
    </ClCompile>
    <ClCompile Include="impl\cleakedmorethanbytesfilter.cpp">
      <Filter>Source Files</Filter>
    </ClCompile>
    <ClCompile Include="impl\cleakedmorethancountfilter.cpp">
      <Filter>Source Files</Filter>
    </ClCompile>
    <ClCompile Include="impl\creportmanager.cpp">
      <Filter>Source Files</Filter>
    </ClCompile>
    <ClCompile Include="impl\creportmanagercreator.cpp">
      <Filter>Source Files</Filter>
    </ClCompile>
    <ClCompile Include="impl\csorterfactory.cpp">
      <Filter>Source Files</Filter>
    </ClCompile>
    <ClCompile Include="impl\csorterfactorycreator.cpp">
      <Filter>Source Files</Filter>
    </ClCompile>
    <ClCompile Include="impl\cumdh.cpp">
      <Filter>Source Files</Filter>
    </ClCompile>
    <ClCompile Include="impl\cumdhcreator.cpp">
      <Filter>Source Files</Filter>
    </ClCompile>
    <ClCompile Include="impl\cwithoutpatternfilter.cpp">
      <Filter>Source Files</Filter>
    </ClCompile>
    <ClCompile Include="impl\cwithoutsystemmodulesfilter.cpp">
      <Filter>Source Files</Filter>
    </ClCompile>
    <ClCompile Include="impl\cwithpatternfilter.cpp">
      <Filter>Source Files</Filter>
    </ClCompile>
    <ClCompile Include="impl\cwithsourcesfilter.cpp">
      <Filter>Source Files</Filter>
    </ClCompile>
    <ClCompile Include="impl\cwithsymbolsfilter.cpp">
      <Filter>Source Files</Filter>
    </ClCompile>
    <ClCompile Include="impl\filterfactorycreatorprovider.cpp">
      <Filter>Source Files</Filter>
    </ClCompile>
    <ClCompile Include="impl\reportmanagercreatorprovider.cpp">
      <Filter>Source Files</Filter>
    </ClCompile>
    <ClCompile Include="impl\sorterfactorycreatorprovider.cpp">
      <Filter>Source Files</Filter>
    </ClCompile>
    <ClCompile Include="impl\umdhcreatorprovider.cpp">
      <Filter>Source Files</Filter>
    </ClCompile>
  </ItemGroup>
  <ItemGroup>
    <ClInclude Include="impl\cbyallocatedbytessorter.h">
      <Filter>Header Files</Filter>
    </ClInclude>
    <ClInclude Include="impl\cbyallocationcountsorter.h">
      <Filter>Header Files</Filter>
    </ClInclude>
    <ClInclude Include="impl\cdefaultfilter.h">
      <Filter>Header Files</Filter>
    </ClInclude>
    <ClInclude Include="impl\cdefaultsorter.h">
      <Filter>Header Files</Filter>
    </ClInclude>
    <ClInclude Include="impl\cfilterfactory.h">
      <Filter>Header Files</Filter>
    </ClInclude>
    <ClInclude Include="impl\cfilterfactorycreator.h">
      <Filter>Header Files</Filter>
    </ClInclude>
    <ClInclude Include="impl\cleakedmorethanbytesfilter.h">
      <Filter>Header Files</Filter>
    </ClInclude>
    <ClInclude Include="impl\cleakedmorethancountfilter.h">
      <Filter>Header Files</Filter>
    </ClInclude>
    <ClInclude Include="impl\creportmanager.h">
      <Filter>Header Files</Filter>
    </ClInclude>
    <ClInclude Include="impl\creportmanagercreator.h">
      <Filter>Header Files</Filter>
    </ClInclude>
    <ClInclude Include="impl\csorterfactory.h">
      <Filter>Header Files</Filter>
    </ClInclude>
    <ClInclude Include="impl\csorterfactorycreator.h">
      <Filter>Header Files</Filter>
    </ClInclude>
    <ClInclude Include="impl\cumdh.h">
      <Filter>Header Files</Filter>
    </ClInclude>
    <ClInclude Include="impl\cumdhcreator.h">
      <Filter>Header Files</Filter>
    </ClInclude>
    <ClInclude Include="impl\cwithoutpatternfilter.h">
      <Filter>Header Files</Filter>
    </ClInclude>
    <ClInclude Include="impl\cwithoutsystemmodulesfilter.h">
      <Filter>Header Files</Filter>
    </ClInclude>
    <ClInclude Include="impl\cwithpatternfilter.h">
      <Filter>Header Files</Filter>
    </ClInclude>
    <ClInclude Include="impl\cwithsourcesfilter.h">
      <Filter>Header Files</Filter>
    </ClInclude>
    <ClInclude Include="impl\cwithsymbolsfilter.h">
      <Filter>Header Files</Filter>
    </ClInclude>
    <ClInclude Include="interface\filterfactorycreatorprovider.h">
      <Filter>Header Files</Filter>
    </ClInclude>
    <ClInclude Include="interface\reportmanagercreatorprovider.h">
      <Filter>Header Files</Filter>
    </ClInclude>
    <ClInclude Include="interface\sorterfactorycreatorprovider.h">
      <Filter>Header Files</Filter>
    </ClInclude>
    <ClInclude Include="interface\umdh.logic.global.h">
      <Filter>Header Files</Filter>
    </ClInclude>
    <ClInclude Include="interface\umdhcreatorprovider.h">
      <Filter>Header Files</Filter>
    </ClInclude>
  </ItemGroup>
</Project>