<?xml version="1.0" encoding="utf-8"?>
<Project xmlns="http://schemas.microsoft.com/developer/msbuild/2003">
  <ItemGroup>
    <Filter Include="Header Files">
      <UniqueIdentifier>{93995380-89BD-4b04-88EB-625FBE52EBFB}</UniqueIdentifier>
      <Extensions>h;hpp;hxx;hm;inl;inc;xsd</Extensions>
    </Filter>
    <Filter Include="Header Files">
      <UniqueIdentifier>{93995380-89BD-4b04-88EB-625FBE52EBFB}</UniqueIdentifier>
      <Extensions>h;hpp;hxx;hm;inl;inc;xsd</Extensions>
    </Filter>
    <Filter Include="Source Files">
      <UniqueIdentifier>{4FC737F1-C7A5-4376-A066-2A32D752A2FF}</UniqueIdentifier>
      <Extensions>cpp;c;cxx;def;odl;idl;hpj;bat;asm;asmx</Extensions>
    </Filter>
    <Filter Include="Source Files">
      <UniqueIdentifier>{4FC737F1-C7A5-4376-A066-2A32D752A2FF}</UniqueIdentifier>
      <Extensions>cpp;c;cxx;def;odl;idl;hpj;bat;asm;asmx</Extensions>
    </Filter>
  </ItemGroup>
  <ItemGroup>
    <ClCompile Include="impl\cloadedmodule.cpp">
      <Filter>Source Files</Filter>
    </ClCompile>
    <ClCompile Include="impl\clogentry.cpp">
      <Filter>Source Files</Filter>
    </ClCompile>
    <ClCompile Include="impl\cobjectfactory.cpp">
      <Filter>Source Files</Filter>
    </ClCompile>
    <ClCompile Include="impl\creport.cpp">
      <Filter>Source Files</Filter>
    </ClCompile>
    <ClCompile Include="impl\csettings.cpp">
      <Filter>Source Files</Filter>
    </ClCompile>
    <ClCompile Include="impl\cstacktraceframe.cpp">
      <Filter>Source Files</Filter>
    </ClCompile>
    <ClCompile Include="impl\ctotalincrease.cpp">
      <Filter>Source Files</Filter>
    </ClCompile>
    <ClCompile Include="impl\objectfactorycreator.cpp">
      <Filter>Source Files</Filter>
    </ClCompile>
  </ItemGroup>
  <ItemGroup>
    <ClInclude Include="impl\cloadedmodule.h">
      <Filter>Header Files</Filter>
    </ClInclude>
    <ClInclude Include="impl\clogentry.h">
      <Filter>Header Files</Filter>
    </ClInclude>
    <ClInclude Include="impl\cobjectfactory.h">
      <Filter>Header Files</Filter>
    </ClInclude>
    <ClInclude Include="impl\creport.h">
      <Filter>Header Files</Filter>
    </ClInclude>
    <ClInclude Include="impl\csettings.h">
      <Filter>Header Files</Filter>
    </ClInclude>
    <ClInclude Include="impl\cstacktraceframe.h">
      <Filter>Header Files</Filter>
    </ClInclude>
    <ClInclude Include="impl\ctotalincrease.h">
      <Filter>Header Files</Filter>
    </ClInclude>
    <ClInclude Include="interface\objectfactorycreator.h">
      <Filter>Header Files</Filter>
    </ClInclude>
    <ClInclude Include="interface\umdh.datamodel.global.h">
      <Filter>Header Files</Filter>
    </ClInclude>
  </ItemGroup>
</Project>